
Microsoft Visual Studio Solution File, Format Version 12.00
# Visual Studio Version 16
VisualStudioVersion = 16.0.30523.141
MinimumVisualStudioVersion = 10.0.40219.1
Project("{FAE04EC0-301F-11D3-BF4B-00C04F79EFBC}") = "Util.Selenium", "Util.Selenium\Util.Selenium.csproj", "{1C3EAFD4-34D3-4AAB-92E6-54606F835BA0}"
EndProject
Project("{FAE04EC0-301F-11D3-BF4B-00C04F79EFBC}") = "Util.Selenium.Teste", "Util.Selenium.Teste\Util.Selenium.Teste.csproj", "{833BAE9B-424D-4B1F-9E2F-1933F2285E03}"
EndProject
Global
	GlobalSection(SolutionConfigurationPlatforms) = preSolution
		Debug|Any CPU = Debug|Any CPU
		Release|Any CPU = Release|Any CPU
	EndGlobalSection
	GlobalSection(ProjectConfigurationPlatforms) = postSolution
		{1C3EAFD4-34D3-4AAB-92E6-54606F835BA0}.Debug|Any CPU.ActiveCfg = Debug|Any CPU
		{1C3EAFD4-34D3-4AAB-92E6-54606F835BA0}.Debug|Any CPU.Build.0 = Debug|Any CPU
		{1C3EAFD4-34D3-4AAB-92E6-54606F835BA0}.Release|Any CPU.ActiveCfg = Release|Any CPU
		{1C3EAFD4-34D3-4AAB-92E6-54606F835BA0}.Release|Any CPU.Build.0 = Release|Any CPU
		{833BAE9B-424D-4B1F-9E2F-1933F2285E03}.Debug|Any CPU.ActiveCfg = Debug|Any CPU
		{833BAE9B-424D-4B1F-9E2F-1933F2285E03}.Debug|Any CPU.Build.0 = Debug|Any CPU
		{833BAE9B-424D-4B1F-9E2F-1933F2285E03}.Release|Any CPU.ActiveCfg = Release|Any CPU
		{833BAE9B-424D-4B1F-9E2F-1933F2285E03}.Release|Any CPU.Build.0 = Release|Any CPU
	EndGlobalSection
	GlobalSection(SolutionProperties) = preSolution
		HideSolutionNode = FALSE
	EndGlobalSection
	GlobalSection(ExtensibilityGlobals) = postSolution
		SolutionGuid = {10AAB957-FF28-46A9-B01E-401DE7D00D73}
	EndGlobalSection
EndGlobal
